// !$*UTF8*$!
{
	archiveVersion = 1;
	classes = {
	};
	objectVersion = 48;
	objects = {

/* Begin PBXBuildFile section */
		43161EA82060BDCE00B01294 /* AppDelegate.m in Sources */ = {isa = PBXBuildFile; fileRef = 43161EA72060BDCE00B01294 /* AppDelegate.m */; };
		43161EAB2060BDCE00B01294 /* ViewController.m in Sources */ = {isa = PBXBuildFile; fileRef = 43161EAA2060BDCE00B01294 /* ViewController.m */; };
		43161EAE2060BDCE00B01294 /* Main.storyboard in Resources */ = {isa = PBXBuildFile; fileRef = 43161EAC2060BDCE00B01294 /* Main.storyboard */; };
		43161EB02060BDCE00B01294 /* Assets.xcassets in Resources */ = {isa = PBXBuildFile; fileRef = 43161EAF2060BDCE00B01294 /* Assets.xcassets */; };
		43161EB32060BDCE00B01294 /* LaunchScreen.storyboard in Resources */ = {isa = PBXBuildFile; fileRef = 43161EB12060BDCE00B01294 /* LaunchScreen.storyboard */; };
		43161EB62060BDCE00B01294 /* main.m in Sources */ = {isa = PBXBuildFile; fileRef = 43161EB52060BDCE00B01294 /* main.m */; };
		43161EBE2060BE2B00B01294 /* CHVersionDetection.m in Sources */ = {isa = PBXBuildFile; fileRef = 43161EBD2060BE2B00B01294 /* CHVersionDetection.m */; };
/* End PBXBuildFile section */

/* Begin PBXFileReference section */
		43161EA32060BDCE00B01294 /* 检测版本更新.app */ = {isa = PBXFileReference; explicitFileType = wrapper.application; includeInIndex = 0; path = "检测版本更新.app"; sourceTree = BUILT_PRODUCTS_DIR; };
		43161EA62060BDCE00B01294 /* AppDelegate.h */ = {isa = PBXFileReference; lastKnownFileType = sourcecode.c.h; path = AppDelegate.h; sourceTree = "<group>"; };
		43161EA72060BDCE00B01294 /* AppDelegate.m */ = {isa = PBXFileReference; lastKnownFileType = sourcecode.c.objc; path = AppDelegate.m; sourceTree = "<group>"; };
		43161EA92060BDCE00B01294 /* ViewController.h */ = {isa = PBXFileReference; lastKnownFileType = sourcecode.c.h; path = ViewController.h; sourceTree = "<group>"; };
		43161EAA2060BDCE00B01294 /* ViewController.m */ = {isa = PBXFileReference; lastKnownFileType = sourcecode.c.objc; path = ViewController.m; sourceTree = "<group>"; };
		43161EAD2060BDCE00B01294 /* Base */ = {isa = PBXFileReference; lastKnownFileType = file.storyboard; name = Base; path = Base.lproj/Main.storyboard; sourceTree = "<group>"; };
		43161EAF2060BDCE00B01294 /* Assets.xcassets */ = {isa = PBXFileReference; lastKnownFileType = folder.assetcatalog; path = Assets.xcassets; sourceTree = "<group>"; };
		43161EB22060BDCE00B01294 /* Base */ = {isa = PBXFileReference; lastKnownFileType = file.storyboard; name = Base; path = Base.lproj/LaunchScreen.storyboard; sourceTree = "<group>"; };
		43161EB42060BDCE00B01294 /* Info.plist */ = {isa = PBXFileReference; lastKnownFileType = text.plist.xml; path = Info.plist; sourceTree = "<group>"; };
		43161EB52060BDCE00B01294 /* main.m */ = {isa = PBXFileReference; lastKnownFileType = sourcecode.c.objc; path = main.m; sourceTree = "<group>"; };
		43161EBC2060BE2B00B01294 /* CHVersionDetection.h */ = {isa = PBXFileReference; lastKnownFileType = sourcecode.c.h; path = CHVersionDetection.h; sourceTree = "<group>"; };
		43161EBD2060BE2B00B01294 /* CHVersionDetection.m */ = {isa = PBXFileReference; lastKnownFileType = sourcecode.c.objc; path = CHVersionDetection.m; sourceTree = "<group>"; };
/* End PBXFileReference section */

/* Begin PBXFrameworksBuildPhase section */
		43161EA02060BDCE00B01294 /* Frameworks */ = {
			isa = PBXFrameworksBuildPhase;
			buildActionMask = 2147483647;
			files = (
			);
			runOnlyForDeploymentPostprocessing = 0;
		};
/* End PBXFrameworksBuildPhase section */

/* Begin PBXGroup section */
		430DE547210E1F8700388416 /* CHVersionDetection */ = {
			isa = PBXGroup;
			children = (
				43161EBC2060BE2B00B01294 /* CHVersionDetection.h */,
				43161EBD2060BE2B00B01294 /* CHVersionDetection.m */,
			);
			path = CHVersionDetection;
			sourceTree = SOURCE_ROOT;
		};
		43161E9A2060BDCE00B01294 = {
			isa = PBXGroup;
			children = (
				43161EA52060BDCE00B01294 /* 检测版本更新 */,
				43161EA42060BDCE00B01294 /* Products */,
			);
			sourceTree = "<group>";
		};
		43161EA42060BDCE00B01294 /* Products */ = {
			isa = PBXGroup;
			children = (
				43161EA32060BDCE00B01294 /* 检测版本更新.app */,
			);
			name = Products;
			sourceTree = "<group>";
		};
		43161EA52060BDCE00B01294 /* 检测版本更新 */ = {
			isa = PBXGroup;
			children = (
				43161EA62060BDCE00B01294 /* AppDelegate.h */,
				43161EA72060BDCE00B01294 /* AppDelegate.m */,
				43161EA92060BDCE00B01294 /* ViewController.h */,
				43161EAA2060BDCE00B01294 /* ViewController.m */,
				430DE547210E1F8700388416 /* CHVersionDetection */,
				43161EAC2060BDCE00B01294 /* Main.storyboard */,
				43161EAF2060BDCE00B01294 /* Assets.xcassets */,
				43161EB12060BDCE00B01294 /* LaunchScreen.storyboard */,
				43161EB42060BDCE00B01294 /* Info.plist */,
				43161EB52060BDCE00B01294 /* main.m */,
			);
			path = "检测版本更新";
			sourceTree = "<group>";
		};
/* End PBXGroup section */

/* Begin PBXNativeTarget section */
		43161EA22060BDCE00B01294 /* 检测版本更新 */ = {
			isa = PBXNativeTarget;
			buildConfigurationList = 43161EB92060BDCE00B01294 /* Build configuration list for PBXNativeTarget "检测版本更新" */;
			buildPhases = (
				43161E9F2060BDCE00B01294 /* Sources */,
				43161EA02060BDCE00B01294 /* Frameworks */,
				43161EA12060BDCE00B01294 /* Resources */,
			);
			buildRules = (
			);
			dependencies = (
			);
			name = "检测版本更新";
			productName = "检测版本更新";
			productReference = 43161EA32060BDCE00B01294 /* 检测版本更新.app */;
			productType = "com.apple.product-type.application";
		};
/* End PBXNativeTarget section */

/* Begin PBXProject section */
		43161E9B2060BDCE00B01294 /* Project object */ = {
			isa = PBXProject;
			attributes = {
				LastUpgradeCheck = 0920;
				ORGANIZATIONNAME = "张晨晖";
				TargetAttributes = {
					43161EA22060BDCE00B01294 = {
						CreatedOnToolsVersion = 9.2;
						ProvisioningStyle = Automatic;
					};
				};
			};
			buildConfigurationList = 43161E9E2060BDCE00B01294 /* Build configuration list for PBXProject "检测版本更新" */;
			compatibilityVersion = "Xcode 8.0";
			developmentRegion = en;
			hasScannedForEncodings = 0;
			knownRegions = (
				en,
				Base,
			);
			mainGroup = 43161E9A2060BDCE00B01294;
			productRefGroup = 43161EA42060BDCE00B01294 /* Products */;
			projectDirPath = "";
			projectRoot = "";
			targets = (
				43161EA22060BDCE00B01294 /* 检测版本更新 */,
			);
		};
/* End PBXProject section */

/* Begin PBXResourcesBuildPhase section */
		43161EA12060BDCE00B01294 /* Resources */ = {
			isa = PBXResourcesBuildPhase;
			buildActionMask = 2147483647;
			files = (
				43161EB32060BDCE00B01294 /* LaunchScreen.storyboard in Resources */,
				43161EB02060BDCE00B01294 /* Assets.xcassets in Resources */,
				43161EAE2060BDCE00B01294 /* Main.storyboard in Resources */,
			);
			runOnlyForDeploymentPostprocessing = 0;
		};
/* End PBXResourcesBuildPhase section */

/* Begin PBXSourcesBuildPhase section */
		43161E9F2060BDCE00B01294 /* Sources */ = {
			isa = PBXSourcesBuildPhase;
			buildActionMask = 2147483647;
			files = (
				43161EAB2060BDCE00B01294 /* ViewController.m in Sources */,
				43161EB62060BDCE00B01294 /* main.m in Sources */,
				43161EBE2060BE2B00B01294 /* CHVersionDetection.m in Sources */,
				43161EA82060BDCE00B01294 /* AppDelegate.m in Sources */,
			);
			runOnlyForDeploymentPostprocessing = 0;
		};
/* End PBXSourcesBuildPhase section */

/* Begin PBXVariantGroup section */
		43161EAC2060BDCE00B01294 /* Main.storyboard */ = {
			isa = PBXVariantGroup;
			children = (
				43161EAD2060BDCE00B01294 /* Base */,
			);
			name = Main.storyboard;
			sourceTree = "<group>";
		};
		43161EB12060BDCE00B01294 /* LaunchScreen.storyboard */ = {
			isa = PBXVariantGroup;
			children = (
				43161EB22060BDCE00B01294 /* Base */,
			);
			name = LaunchScreen.storyboard;
			sourceTree = "<group>";
		};
/* End PBXVariantGroup section */

/* Begin XCBuildConfiguration section */
		43161EB72060BDCE00B01294 /* Debug */ = {
			isa = XCBuildConfiguration;
			buildSettings = {
				ALWAYS_SEARCH_USER_PATHS = NO;
				CLANG_ANALYZER_NONNULL = YES;
				CLANG_ANALYZER_NUMBER_OBJECT_CONVERSION = YES_AGGRESSIVE;
				CLANG_CXX_LANGUAGE_STANDARD = "gnu++14";
				CLANG_CXX_LIBRARY = "libc++";
				CLANG_ENABLE_MODULES = YES;
				CLANG_ENABLE_OBJC_ARC = YES;
				CLANG_WARN_BLOCK_CAPTURE_AUTORELEASING = YES;
				CLANG_WARN_BOOL_CONVERSION = YES;
				CLANG_WARN_COMMA = YES;
				CLANG_WARN_CONSTANT_CONVERSION = YES;
				CLANG_WARN_DIRECT_OBJC_ISA_USAGE = YES_ERROR;
				CLANG_WARN_DOCUMENTATION_COMMENTS = YES;
				CLANG_WARN_EMPTY_BODY = YES;
				CLANG_WARN_ENUM_CONVERSION = YES;
				CLANG_WARN_INFINITE_RECURSION = YES;
				CLANG_WARN_INT_CONVERSION = YES;
				CLANG_WARN_NON_LITERAL_NULL_CONVERSION = YES;
				CLANG_WARN_OBJC_LITERAL_CONVERSION = YES;
				CLANG_WARN_OBJC_ROOT_CLASS = YES_ERROR;
				CLANG_WARN_RANGE_LOOP_ANALYSIS = YES;
				CLANG_WARN_STRICT_PROTOTYPES = YES;
				CLANG_WARN_SUSPICIOUS_MOVE = YES;
				CLANG_WARN_UNGUARDED_AVAILABILITY = YES_AGGRESSIVE;
				CLANG_WARN_UNREACHABLE_CODE = YES;
				CLANG_WARN__DUPLICATE_METHOD_MATCH = YES;
				CODE_SIGN_IDENTITY = "iPhone Developer";
				COPY_PHASE_STRIP = NO;
				DEBUG_INFORMATION_FORMAT = dwarf;
				ENABLE_STRICT_OBJC_MSGSEND = YES;
				ENABLE_TESTABILITY = YES;
				GCC_C_LANGUAGE_STANDARD = gnu11;
				GCC_DYNAMIC_NO_PIC = NO;
				GCC_NO_COMMON_BLOCKS = YES;
				GCC_OPTIMIZATION_LEVEL = 0;
				GCC_PREPROCESSOR_DEFINITIONS = (
					"DEBUG=1",
					"$(inherited)",
				);
				GCC_WARN_64_TO_32_BIT_CONVERSION = YES;
				GCC_WARN_ABOUT_RETURN_TYPE = YES_ERROR;
				GCC_WARN_UNDECLARED_SELECTOR = YES;
				GCC_WARN_UNINITIALIZED_AUTOS = YES_AGGRESSIVE;
				GCC_WARN_UNUSED_FUNCTION = YES;
				GCC_WARN_UNUSED_VARIABLE = YES;
				IPHONEOS_DEPLOYMENT_TARGET = 11.2;
				MTL_ENABLE_DEBUG_INFO = YES;
				ONLY_ACTIVE_ARCH = YES;
				SDKROOT = iphoneos;
			};
			name = Debug;
		};
		43161EB82060BDCE00B01294 /* Release */ = {
			isa = XCBuildConfiguration;
			buildSettings = {
				ALWAYS_SEARCH_USER_PATHS = NO;
				CLANG_ANALYZER_NONNULL = YES;
				CLANG_ANALYZER_NUMBER_OBJECT_CONVERSION = YES_AGGRESSIVE;
				CLANG_CXX_LANGUAGE_STANDARD = "gnu++14";
				CLANG_CXX_LIBRARY = "libc++";
				CLANG_ENABLE_MODULES = YES;
				CLANG_ENABLE_OBJC_ARC = YES;
				CLANG_WARN_BLOCK_CAPTURE_AUTORELEASING = YES;
				CLANG_WARN_BOOL_CONVERSION = YES;
				CLANG_WARN_COMMA = YES;
				CLANG_WARN_CONSTANT_CONVERSION = YES;
				CLANG_WARN_DIRECT_OBJC_ISA_USAGE = YES_ERROR;
				CLANG_WARN_DOCUMENTATION_COMMENTS = YES;
				CLANG_WARN_EMPTY_BODY = YES;
				CLANG_WARN_ENUM_CONVERSION = YES;
				CLANG_WARN_INFINITE_RECURSION = YES;
				CLANG_WARN_INT_CONVERSION = YES;
				CLANG_WARN_NON_LITERAL_NULL_CONVERSION = YES;
				CLANG_WARN_OBJC_LITERAL_CONVERSION = YES;
				CLANG_WARN_OBJC_ROOT_CLASS = YES_ERROR;
				CLANG_WARN_RANGE_LOOP_ANALYSIS = YES;
				CLANG_WARN_STRICT_PROTOTYPES = YES;
				CLANG_WARN_SUSPICIOUS_MOVE = YES;
				CLANG_WARN_UNGUARDED_AVAILABILITY = YES_AGGRESSIVE;
				CLANG_WARN_UNREACHABLE_CODE = YES;
				CLANG_WARN__DUPLICATE_METHOD_MATCH = YES;
				CODE_SIGN_IDENTITY = "iPhone Developer";
				COPY_PHASE_STRIP = NO;
				DEBUG_INFORMATION_FORMAT = "dwarf-with-dsym";
				ENABLE_NS_ASSERTIONS = NO;
				ENABLE_STRICT_OBJC_MSGSEND = YES;
				GCC_C_LANGUAGE_STANDARD = gnu11;
				GCC_NO_COMMON_BLOCKS = YES;
				GCC_WARN_64_TO_32_BIT_CONVERSION = YES;
				GCC_WARN_ABOUT_RETURN_TYPE = YES_ERROR;
				GCC_WARN_UNDECLARED_SELECTOR = YES;
				GCC_WARN_UNINITIALIZED_AUTOS = YES_AGGRESSIVE;
				GCC_WARN_UNUSED_FUNCTION = YES;
				GCC_WARN_UNUSED_VARIABLE = YES;
				IPHONEOS_DEPLOYMENT_TARGET = 11.2;
				MTL_ENABLE_DEBUG_INFO = NO;
				SDKROOT = iphoneos;
				VALIDATE_PRODUCT = YES;
			};
			name = Release;
		};
		43161EBA2060BDCE00B01294 /* Debug */ = {
			isa = XCBuildConfiguration;
			buildSettings = {
				ASSETCATALOG_COMPILER_APPICON_NAME = AppIcon;
				CODE_SIGN_STYLE = Automatic;
				DEVELOPMENT_TEAM = F22VTWNS57;
				INFOPLIST_FILE = "检测版本更新/Info.plist";
				LD_RUNPATH_SEARCH_PATHS = "$(inherited) @executable_path/Frameworks";
				PRODUCT_BUNDLE_IDENTIFIER = "com.chenhuizhang.------";
				PRODUCT_NAME = "$(TARGET_NAME)";
				TARGETED_DEVICE_FAMILY = "1,2";
			};
			name = Debug;
		};
		43161EBB2060BDCE00B01294 /* Release */ = {
			isa = XCBuildConfiguration;
			buildSettings = {
				ASSETCATALOG_COMPILER_APPICON_NAME = AppIcon;
				CODE_SIGN_STYLE = Automatic;
				DEVELOPMENT_TEAM = F22VTWNS57;
				INFOPLIST_FILE = "检测版本更新/Info.plist";
				LD_RUNPATH_SEARCH_PATHS = "$(inherited) @executable_path/Frameworks";
				PRODUCT_BUNDLE_IDENTIFIER = "com.chenhuizhang.------";
				PRODUCT_NAME = "$(TARGET_NAME)";
				TARGETED_DEVICE_FAMILY = "1,2";
			};
			name = Release;
		};
/* End XCBuildConfiguration section */

/* Begin XCConfigurationList section */
		43161E9E2060BDCE00B01294 /* Build configuration list for PBXProject "检测版本更新" */ = {
			isa = XCConfigurationList;
			buildConfigurations = (
				43161EB72060BDCE00B01294 /* Debug */,
				43161EB82060BDCE00B01294 /* Release */,
			);
			defaultConfigurationIsVisible = 0;
			defaultConfigurationName = Release;
		};
		43161EB92060BDCE00B01294 /* Build configuration list for PBXNativeTarget "检测版本更新" */ = {
			isa = XCConfigurationList;
			buildConfigurations = (
				43161EBA2060BDCE00B01294 /* Debug */,
				43161EBB2060BDCE00B01294 /* Release */,
			);
			defaultConfigurationIsVisible = 0;
			defaultConfigurationName = Release;
		};
/* End XCConfigurationList section */
	};
	rootObject = 43161E9B2060BDCE00B01294 /* Project object */;
}
